
Microsoft Visual Studio Solution File, Format Version 12.00
# Visual Studio Version 17
VisualStudioVersion = 17.1.32414.318
MinimumVisualStudioVersion = 10.0.40219.1
Project("{2150E333-8FDC-42A3-9474-1A3956D46DE8}") = "SRP", "SRP", "{DE0E3649-3653-4406-9A06-73474FFAA626}"
EndProject
Project("{FAE04EC0-301F-11D3-BF4B-00C04F79EFBC}") = "SRP_Violation", "SRP_Violation\SRP_Violation.csproj", "{12DCDD7A-4E74-469D-BD39-6DA06C9BE93B}"
EndProject
Project("{FAE04EC0-301F-11D3-BF4B-00C04F79EFBC}") = "SRP_Follow", "SRP_Follow\SRP_Follow.csproj", "{3C9CFBF1-0D05-4105-BD9D-8430EE32DAF4}"
EndProject
Project("{2150E333-8FDC-42A3-9474-1A3956D46DE8}") = "OCP", "OCP", "{E08BA895-B9F1-4641-82E0-C7E89F5B5E13}"
EndProject
Project("{FAE04EC0-301F-11D3-BF4B-00C04F79EFBC}") = "OCP_Violation", "OCP_Violation\OCP_Violation.csproj", "{3D7CCB8C-7383-4D00-9A9F-F40088DC9592}"
EndProject
Project("{FAE04EC0-301F-11D3-BF4B-00C04F79EFBC}") = "OCP_Follow", "OCP_Follow\OCP_Follow.csproj", "{452F2571-25E5-43AF-8344-1EFA2DA0EAD1}"
EndProject
Project("{2150E333-8FDC-42A3-9474-1A3956D46DE8}") = "LSP", "LSP", "{03EB78EC-7AB6-4082-BD21-0D97CDD22259}"
EndProject
Project("{FAE04EC0-301F-11D3-BF4B-00C04F79EFBC}") = "LSP_Violation", "LSP_Violation\LSP_Violation.csproj", "{85398D68-23C7-4880-B16C-347602D73E5A}"
EndProject
Project("{FAE04EC0-301F-11D3-BF4B-00C04F79EFBC}") = "LSP_Follow", "LSP_Follow\LSP_Follow.csproj", "{62BE0E97-0D9F-4C12-9C46-C2E6138E160B}"
EndProject
Project("{2150E333-8FDC-42A3-9474-1A3956D46DE8}") = "DIP", "DIP", "{17489702-0770-46E7-9D0E-0943996E7A6F}"
EndProject
Project("{FAE04EC0-301F-11D3-BF4B-00C04F79EFBC}") = "DIP_Violation", "DIP_Violation\DIP_Violation.csproj", "{B611D0AE-7EA5-41F6-AEED-7540074EE619}"
EndProject
Project("{FAE04EC0-301F-11D3-BF4B-00C04F79EFBC}") = "DIP_Follow", "DIP_Follow\DIP_Follow.csproj", "{6C782026-F4F9-40F9-AA79-8A91B057F786}"
EndProject
Project("{2150E333-8FDC-42A3-9474-1A3956D46DE8}") = "ISP", "ISP", "{EFE544B9-7866-4D29-B133-7AE4A0287FA0}"
EndProject
Project("{FAE04EC0-301F-11D3-BF4B-00C04F79EFBC}") = "ISP_Violation", "ISP_Violation\ISP_Violation.csproj", "{84B9D06F-A273-4AD4-85C2-49E3F8C90C48}"
EndProject
Project("{FAE04EC0-301F-11D3-BF4B-00C04F79EFBC}") = "ISP_Follow", "ISP_Follow\ISP_Follow.csproj", "{B2408047-A798-4988-98A1-04496DF60EB3}"
EndProject
Global
	GlobalSection(SolutionConfigurationPlatforms) = preSolution
		Debug|Any CPU = Debug|Any CPU
		Release|Any CPU = Release|Any CPU
	EndGlobalSection
	GlobalSection(ProjectConfigurationPlatforms) = postSolution
		{12DCDD7A-4E74-469D-BD39-6DA06C9BE93B}.Debug|Any CPU.ActiveCfg = Debug|Any CPU
		{12DCDD7A-4E74-469D-BD39-6DA06C9BE93B}.Debug|Any CPU.Build.0 = Debug|Any CPU
		{12DCDD7A-4E74-469D-BD39-6DA06C9BE93B}.Release|Any CPU.ActiveCfg = Release|Any CPU
		{12DCDD7A-4E74-469D-BD39-6DA06C9BE93B}.Release|Any CPU.Build.0 = Release|Any CPU
		{3C9CFBF1-0D05-4105-BD9D-8430EE32DAF4}.Debug|Any CPU.ActiveCfg = Debug|Any CPU
		{3C9CFBF1-0D05-4105-BD9D-8430EE32DAF4}.Debug|Any CPU.Build.0 = Debug|Any CPU
		{3C9CFBF1-0D05-4105-BD9D-8430EE32DAF4}.Release|Any CPU.ActiveCfg = Release|Any CPU
		{3C9CFBF1-0D05-4105-BD9D-8430EE32DAF4}.Release|Any CPU.Build.0 = Release|Any CPU
		{3D7CCB8C-7383-4D00-9A9F-F40088DC9592}.Debug|Any CPU.ActiveCfg = Debug|Any CPU
		{3D7CCB8C-7383-4D00-9A9F-F40088DC9592}.Debug|Any CPU.Build.0 = Debug|Any CPU
		{3D7CCB8C-7383-4D00-9A9F-F40088DC9592}.Release|Any CPU.ActiveCfg = Release|Any CPU
		{3D7CCB8C-7383-4D00-9A9F-F40088DC9592}.Release|Any CPU.Build.0 = Release|Any CPU
		{452F2571-25E5-43AF-8344-1EFA2DA0EAD1}.Debug|Any CPU.ActiveCfg = Debug|Any CPU
		{452F2571-25E5-43AF-8344-1EFA2DA0EAD1}.Debug|Any CPU.Build.0 = Debug|Any CPU
		{452F2571-25E5-43AF-8344-1EFA2DA0EAD1}.Release|Any CPU.ActiveCfg = Release|Any CPU
		{452F2571-25E5-43AF-8344-1EFA2DA0EAD1}.Release|Any CPU.Build.0 = Release|Any CPU
		{85398D68-23C7-4880-B16C-347602D73E5A}.Debug|Any CPU.ActiveCfg = Debug|Any CPU
		{85398D68-23C7-4880-B16C-347602D73E5A}.Debug|Any CPU.Build.0 = Debug|Any CPU
		{85398D68-23C7-4880-B16C-347602D73E5A}.Release|Any CPU.ActiveCfg = Release|Any CPU
		{85398D68-23C7-4880-B16C-347602D73E5A}.Release|Any CPU.Build.0 = Release|Any CPU
		{62BE0E97-0D9F-4C12-9C46-C2E6138E160B}.Debug|Any CPU.ActiveCfg = Debug|Any CPU
		{62BE0E97-0D9F-4C12-9C46-C2E6138E160B}.Debug|Any CPU.Build.0 = Debug|Any CPU
		{62BE0E97-0D9F-4C12-9C46-C2E6138E160B}.Release|Any CPU.ActiveCfg = Release|Any CPU
		{62BE0E97-0D9F-4C12-9C46-C2E6138E160B}.Release|Any CPU.Build.0 = Release|Any CPU
		{B611D0AE-7EA5-41F6-AEED-7540074EE619}.Debug|Any CPU.ActiveCfg = Debug|Any CPU
		{B611D0AE-7EA5-41F6-AEED-7540074EE619}.Debug|Any CPU.Build.0 = Debug|Any CPU
		{B611D0AE-7EA5-41F6-AEED-7540074EE619}.Release|Any CPU.ActiveCfg = Release|Any CPU
		{B611D0AE-7EA5-41F6-AEED-7540074EE619}.Release|Any CPU.Build.0 = Release|Any CPU
		{6C782026-F4F9-40F9-AA79-8A91B057F786}.Debug|Any CPU.ActiveCfg = Debug|Any CPU
		{6C782026-F4F9-40F9-AA79-8A91B057F786}.Debug|Any CPU.Build.0 = Debug|Any CPU
		{6C782026-F4F9-40F9-AA79-8A91B057F786}.Release|Any CPU.ActiveCfg = Release|Any CPU
		{6C782026-F4F9-40F9-AA79-8A91B057F786}.Release|Any CPU.Build.0 = Release|Any CPU
		{84B9D06F-A273-4AD4-85C2-49E3F8C90C48}.Debug|Any CPU.ActiveCfg = Debug|Any CPU
		{84B9D06F-A273-4AD4-85C2-49E3F8C90C48}.Debug|Any CPU.Build.0 = Debug|Any CPU
		{84B9D06F-A273-4AD4-85C2-49E3F8C90C48}.Release|Any CPU.ActiveCfg = Release|Any CPU
		{84B9D06F-A273-4AD4-85C2-49E3F8C90C48}.Release|Any CPU.Build.0 = Release|Any CPU
		{B2408047-A798-4988-98A1-04496DF60EB3}.Debug|Any CPU.ActiveCfg = Debug|Any CPU
		{B2408047-A798-4988-98A1-04496DF60EB3}.Debug|Any CPU.Build.0 = Debug|Any CPU
		{B2408047-A798-4988-98A1-04496DF60EB3}.Release|Any CPU.ActiveCfg = Release|Any CPU
		{B2408047-A798-4988-98A1-04496DF60EB3}.Release|Any CPU.Build.0 = Release|Any CPU
	EndGlobalSection
	GlobalSection(SolutionProperties) = preSolution
		HideSolutionNode = FALSE
	EndGlobalSection
	GlobalSection(NestedProjects) = preSolution
		{12DCDD7A-4E74-469D-BD39-6DA06C9BE93B} = {DE0E3649-3653-4406-9A06-73474FFAA626}
		{3C9CFBF1-0D05-4105-BD9D-8430EE32DAF4} = {DE0E3649-3653-4406-9A06-73474FFAA626}
		{3D7CCB8C-7383-4D00-9A9F-F40088DC9592} = {E08BA895-B9F1-4641-82E0-C7E89F5B5E13}
		{452F2571-25E5-43AF-8344-1EFA2DA0EAD1} = {E08BA895-B9F1-4641-82E0-C7E89F5B5E13}
		{85398D68-23C7-4880-B16C-347602D73E5A} = {03EB78EC-7AB6-4082-BD21-0D97CDD22259}
		{62BE0E97-0D9F-4C12-9C46-C2E6138E160B} = {03EB78EC-7AB6-4082-BD21-0D97CDD22259}
		{B611D0AE-7EA5-41F6-AEED-7540074EE619} = {17489702-0770-46E7-9D0E-0943996E7A6F}
		{6C782026-F4F9-40F9-AA79-8A91B057F786} = {17489702-0770-46E7-9D0E-0943996E7A6F}
		{84B9D06F-A273-4AD4-85C2-49E3F8C90C48} = {EFE544B9-7866-4D29-B133-7AE4A0287FA0}
		{B2408047-A798-4988-98A1-04496DF60EB3} = {EFE544B9-7866-4D29-B133-7AE4A0287FA0}
	EndGlobalSection
	GlobalSection(ExtensibilityGlobals) = postSolution
		SolutionGuid = {5F6DF729-1C05-4C26-B54E-EA5E7C9FCE49}
	EndGlobalSection
EndGlobal
