
Microsoft Visual Studio Solution File, Format Version 12.00
# Visual Studio Version 17
VisualStudioVersion = 17.1.32414.318
MinimumVisualStudioVersion = 10.0.40219.1
Project("{2150E333-8FDC-42A3-9474-1A3956D46DE8}") = "SRP", "SRP", "{DE0E3649-3653-4406-9A06-73474FFAA626}"
EndProject
Project("{2150E333-8FDC-42A3-9474-1A3956D46DE8}") = "OCP", "OCP", "{E08BA895-B9F1-4641-82E0-C7E89F5B5E13}"
EndProject
Project("{2150E333-8FDC-42A3-9474-1A3956D46DE8}") = "LSP", "LSP", "{03EB78EC-7AB6-4082-BD21-0D97CDD22259}"
EndProject
Project("{2150E333-8FDC-42A3-9474-1A3956D46DE8}") = "DIP", "DIP", "{17489702-0770-46E7-9D0E-0943996E7A6F}"
EndProject
Project("{2150E333-8FDC-42A3-9474-1A3956D46DE8}") = "ISP", "ISP", "{EFE544B9-7866-4D29-B133-7AE4A0287FA0}"
EndProject
Project("{9A19103F-16F7-4668-BE54-9A1E7A4F7556}") = "SRP_Follow", "SRP\SRP_Follow\SRP_Follow.csproj", "{CB4CF880-0F6D-4347-ACBB-9C92332F0F93}"
EndProject
Project("{9A19103F-16F7-4668-BE54-9A1E7A4F7556}") = "SRP_Violation", "SRP\SRP_Violation\SRP_Violation.csproj", "{511F4B16-83C3-453B-9FFC-10018D303E5F}"
EndProject
Project("{9A19103F-16F7-4668-BE54-9A1E7A4F7556}") = "OCP_Follow", "OCP\OCP_Follow\OCP_Follow.csproj", "{72912620-B9AF-4613-8A7F-4C0DF65D76A5}"
EndProject
Project("{9A19103F-16F7-4668-BE54-9A1E7A4F7556}") = "OCP_Violation", "OCP\OCP_Violation\OCP_Violation.csproj", "{27FD3097-2FBF-4EF8-B427-B2C43BCCDDB8}"
EndProject
Project("{9A19103F-16F7-4668-BE54-9A1E7A4F7556}") = "LSP_Follow", "LSP\LSP_Follow\LSP_Follow.csproj", "{726CD5A6-5B5B-4473-8127-020F7AD75479}"
EndProject
Project("{9A19103F-16F7-4668-BE54-9A1E7A4F7556}") = "LSP_Violation", "LSP\LSP_Violation\LSP_Violation.csproj", "{9F012164-A557-44BC-B71C-214D3407CC0B}"
EndProject
Project("{9A19103F-16F7-4668-BE54-9A1E7A4F7556}") = "DIP_Follow", "DIP\DIP_Follow\DIP_Follow.csproj", "{0D179C1B-D42F-4DE0-B72C-F14E12C8EC15}"
EndProject
Project("{9A19103F-16F7-4668-BE54-9A1E7A4F7556}") = "DIP_Violation", "DIP\DIP_Violation\DIP_Violation.csproj", "{EF5EA033-7378-41D9-B5B4-2272E291375B}"
EndProject
Project("{9A19103F-16F7-4668-BE54-9A1E7A4F7556}") = "ISP_Follow", "ISP\ISP_Follow\ISP_Follow.csproj", "{04563B08-8CD3-4418-824C-29AC877E78A2}"
EndProject
Project("{9A19103F-16F7-4668-BE54-9A1E7A4F7556}") = "ISP_Violation", "ISP\ISP_Violation\ISP_Violation.csproj", "{9AC24D19-F7F4-4C49-AC16-847B9BE109C3}"
EndProject
Global
	GlobalSection(SolutionConfigurationPlatforms) = preSolution
		Debug|Any CPU = Debug|Any CPU
		Release|Any CPU = Release|Any CPU
	EndGlobalSection
	GlobalSection(ProjectConfigurationPlatforms) = postSolution
		{CB4CF880-0F6D-4347-ACBB-9C92332F0F93}.Debug|Any CPU.ActiveCfg = Debug|Any CPU
		{CB4CF880-0F6D-4347-ACBB-9C92332F0F93}.Debug|Any CPU.Build.0 = Debug|Any CPU
		{CB4CF880-0F6D-4347-ACBB-9C92332F0F93}.Release|Any CPU.ActiveCfg = Release|Any CPU
		{CB4CF880-0F6D-4347-ACBB-9C92332F0F93}.Release|Any CPU.Build.0 = Release|Any CPU
		{511F4B16-83C3-453B-9FFC-10018D303E5F}.Debug|Any CPU.ActiveCfg = Debug|Any CPU
		{511F4B16-83C3-453B-9FFC-10018D303E5F}.Debug|Any CPU.Build.0 = Debug|Any CPU
		{511F4B16-83C3-453B-9FFC-10018D303E5F}.Release|Any CPU.ActiveCfg = Release|Any CPU
		{511F4B16-83C3-453B-9FFC-10018D303E5F}.Release|Any CPU.Build.0 = Release|Any CPU
		{72912620-B9AF-4613-8A7F-4C0DF65D76A5}.Debug|Any CPU.ActiveCfg = Debug|Any CPU
		{72912620-B9AF-4613-8A7F-4C0DF65D76A5}.Debug|Any CPU.Build.0 = Debug|Any CPU
		{72912620-B9AF-4613-8A7F-4C0DF65D76A5}.Release|Any CPU.ActiveCfg = Release|Any CPU
		{72912620-B9AF-4613-8A7F-4C0DF65D76A5}.Release|Any CPU.Build.0 = Release|Any CPU
		{27FD3097-2FBF-4EF8-B427-B2C43BCCDDB8}.Debug|Any CPU.ActiveCfg = Debug|Any CPU
		{27FD3097-2FBF-4EF8-B427-B2C43BCCDDB8}.Debug|Any CPU.Build.0 = Debug|Any CPU
		{27FD3097-2FBF-4EF8-B427-B2C43BCCDDB8}.Release|Any CPU.ActiveCfg = Release|Any CPU
		{27FD3097-2FBF-4EF8-B427-B2C43BCCDDB8}.Release|Any CPU.Build.0 = Release|Any CPU
		{726CD5A6-5B5B-4473-8127-020F7AD75479}.Debug|Any CPU.ActiveCfg = Debug|Any CPU
		{726CD5A6-5B5B-4473-8127-020F7AD75479}.Debug|Any CPU.Build.0 = Debug|Any CPU
		{726CD5A6-5B5B-4473-8127-020F7AD75479}.Release|Any CPU.ActiveCfg = Release|Any CPU
		{726CD5A6-5B5B-4473-8127-020F7AD75479}.Release|Any CPU.Build.0 = Release|Any CPU
		{9F012164-A557-44BC-B71C-214D3407CC0B}.Debug|Any CPU.ActiveCfg = Debug|Any CPU
		{9F012164-A557-44BC-B71C-214D3407CC0B}.Debug|Any CPU.Build.0 = Debug|Any CPU
		{9F012164-A557-44BC-B71C-214D3407CC0B}.Release|Any CPU.ActiveCfg = Release|Any CPU
		{9F012164-A557-44BC-B71C-214D3407CC0B}.Release|Any CPU.Build.0 = Release|Any CPU
		{0D179C1B-D42F-4DE0-B72C-F14E12C8EC15}.Debug|Any CPU.ActiveCfg = Debug|Any CPU
		{0D179C1B-D42F-4DE0-B72C-F14E12C8EC15}.Debug|Any CPU.Build.0 = Debug|Any CPU
		{0D179C1B-D42F-4DE0-B72C-F14E12C8EC15}.Release|Any CPU.ActiveCfg = Release|Any CPU
		{0D179C1B-D42F-4DE0-B72C-F14E12C8EC15}.Release|Any CPU.Build.0 = Release|Any CPU
		{EF5EA033-7378-41D9-B5B4-2272E291375B}.Debug|Any CPU.ActiveCfg = Debug|Any CPU
		{EF5EA033-7378-41D9-B5B4-2272E291375B}.Debug|Any CPU.Build.0 = Debug|Any CPU
		{EF5EA033-7378-41D9-B5B4-2272E291375B}.Release|Any CPU.ActiveCfg = Release|Any CPU
		{EF5EA033-7378-41D9-B5B4-2272E291375B}.Release|Any CPU.Build.0 = Release|Any CPU
		{04563B08-8CD3-4418-824C-29AC877E78A2}.Debug|Any CPU.ActiveCfg = Debug|Any CPU
		{04563B08-8CD3-4418-824C-29AC877E78A2}.Debug|Any CPU.Build.0 = Debug|Any CPU
		{04563B08-8CD3-4418-824C-29AC877E78A2}.Release|Any CPU.ActiveCfg = Release|Any CPU
		{04563B08-8CD3-4418-824C-29AC877E78A2}.Release|Any CPU.Build.0 = Release|Any CPU
		{9AC24D19-F7F4-4C49-AC16-847B9BE109C3}.Debug|Any CPU.ActiveCfg = Debug|Any CPU
		{9AC24D19-F7F4-4C49-AC16-847B9BE109C3}.Debug|Any CPU.Build.0 = Debug|Any CPU
		{9AC24D19-F7F4-4C49-AC16-847B9BE109C3}.Release|Any CPU.ActiveCfg = Release|Any CPU
		{9AC24D19-F7F4-4C49-AC16-847B9BE109C3}.Release|Any CPU.Build.0 = Release|Any CPU
	EndGlobalSection
	GlobalSection(SolutionProperties) = preSolution
		HideSolutionNode = FALSE
	EndGlobalSection
	GlobalSection(NestedProjects) = preSolution
		{CB4CF880-0F6D-4347-ACBB-9C92332F0F93} = {DE0E3649-3653-4406-9A06-73474FFAA626}
		{511F4B16-83C3-453B-9FFC-10018D303E5F} = {DE0E3649-3653-4406-9A06-73474FFAA626}
		{72912620-B9AF-4613-8A7F-4C0DF65D76A5} = {E08BA895-B9F1-4641-82E0-C7E89F5B5E13}
		{27FD3097-2FBF-4EF8-B427-B2C43BCCDDB8} = {E08BA895-B9F1-4641-82E0-C7E89F5B5E13}
		{726CD5A6-5B5B-4473-8127-020F7AD75479} = {03EB78EC-7AB6-4082-BD21-0D97CDD22259}
		{9F012164-A557-44BC-B71C-214D3407CC0B} = {03EB78EC-7AB6-4082-BD21-0D97CDD22259}
		{0D179C1B-D42F-4DE0-B72C-F14E12C8EC15} = {17489702-0770-46E7-9D0E-0943996E7A6F}
		{EF5EA033-7378-41D9-B5B4-2272E291375B} = {17489702-0770-46E7-9D0E-0943996E7A6F}
		{04563B08-8CD3-4418-824C-29AC877E78A2} = {EFE544B9-7866-4D29-B133-7AE4A0287FA0}
		{9AC24D19-F7F4-4C49-AC16-847B9BE109C3} = {EFE544B9-7866-4D29-B133-7AE4A0287FA0}
	EndGlobalSection
	GlobalSection(ExtensibilityGlobals) = postSolution
		SolutionGuid = {5F6DF729-1C05-4C26-B54E-EA5E7C9FCE49}
	EndGlobalSection
EndGlobal
